
Microsoft Visual Studio Solution File, Format Version 12.00
# Visual Studio Version 17
VisualStudioVersion = 17.2.32516.85
MinimumVisualStudioVersion = 10.0.40219.1
Project("{FAE04EC0-301F-11D3-BF4B-00C04F79EFBC}") = "HomeWorkLikeInHighSchool", "HomeWorkLikeInHighSchool.csproj", "{D6602FAD-2EFA-44EB-BD9B-3105AFA3D679}"
EndProject
Global
	GlobalSection(SolutionConfigurationPlatforms) = preSolution
		Debug|Any CPU = Debug|Any CPU
		Release|Any CPU = Release|Any CPU
	EndGlobalSection
	GlobalSection(ProjectConfigurationPlatforms) = postSolution
		{D6602FAD-2EFA-44EB-BD9B-3105AFA3D679}.Debug|Any CPU.ActiveCfg = Debug|Any CPU
		{D6602FAD-2EFA-44EB-BD9B-3105AFA3D679}.Debug|Any CPU.Build.0 = Debug|Any CPU
		{D6602FAD-2EFA-44EB-BD9B-3105AFA3D679}.Release|Any CPU.ActiveCfg = Release|Any CPU
		{D6602FAD-2EFA-44EB-BD9B-3105AFA3D679}.Release|Any CPU.Build.0 = Release|Any CPU
	EndGlobalSection
	GlobalSection(SolutionProperties) = preSolution
		HideSolutionNode = FALSE
	EndGlobalSection
	GlobalSection(ExtensibilityGlobals) = postSolution
		SolutionGuid = {A6CA20A0-FAD1-4B87-BA4B-AD42A055F1FC}
	EndGlobalSection
EndGlobal
